
Microsoft Visual Studio Solution File, Format Version 12.00
# Visual Studio Version 16
VisualStudioVersion = 16.0.31515.178
MinimumVisualStudioVersion = 10.0.40219.1
Project("{FAE04EC0-301F-11D3-BF4B-00C04F79EFBC}") = "WebSales - WebForms e EntityFramework", "WebSales - WebForms e EntityFramework\WebSales - WebForms e EntityFramework.csproj", "{3B10209F-17F4-4FD4-A758-831D544814A8}"
EndProject
Global
	GlobalSection(SolutionConfigurationPlatforms) = preSolution
		Debug|Any CPU = Debug|Any CPU
		Release|Any CPU = Release|Any CPU
	EndGlobalSection
	GlobalSection(ProjectConfigurationPlatforms) = postSolution
		{3B10209F-17F4-4FD4-A758-831D544814A8}.Debug|Any CPU.ActiveCfg = Debug|Any CPU
		{3B10209F-17F4-4FD4-A758-831D544814A8}.Debug|Any CPU.Build.0 = Debug|Any CPU
		{3B10209F-17F4-4FD4-A758-831D544814A8}.Release|Any CPU.ActiveCfg = Release|Any CPU
		{3B10209F-17F4-4FD4-A758-831D544814A8}.Release|Any CPU.Build.0 = Release|Any CPU
	EndGlobalSection
	GlobalSection(SolutionProperties) = preSolution
		HideSolutionNode = FALSE
	EndGlobalSection
	GlobalSection(ExtensibilityGlobals) = postSolution
		SolutionGuid = {31F11E85-165B-48C9-ACD4-A98756A2E5E5}
	EndGlobalSection
EndGlobal
